
Microsoft Visual Studio Solution File, Format Version 12.00
# Visual Studio Version 17
VisualStudioVersion = 17.11.35222.181
MinimumVisualStudioVersion = 10.0.40219.1
Project("{FAE04EC0-301F-11D3-BF4B-00C04F79EFBC}") = "HelloDemo", "HelloDemo\HelloDemo.csproj", "{CAAC9FC9-04DE-46F4-A4A5-BB3F197D0689}"
EndProject
Global
	GlobalSection(SolutionConfigurationPlatforms) = preSolution
		Debug|Any CPU = Debug|Any CPU
		Release|Any CPU = Release|Any CPU
	EndGlobalSection
	GlobalSection(ProjectConfigurationPlatforms) = postSolution
		{CAAC9FC9-04DE-46F4-A4A5-BB3F197D0689}.Debug|Any CPU.ActiveCfg = Debug|Any CPU
		{CAAC9FC9-04DE-46F4-A4A5-BB3F197D0689}.Debug|Any CPU.Build.0 = Debug|Any CPU
		{CAAC9FC9-04DE-46F4-A4A5-BB3F197D0689}.Release|Any CPU.ActiveCfg = Release|Any CPU
		{CAAC9FC9-04DE-46F4-A4A5-BB3F197D0689}.Release|Any CPU.Build.0 = Release|Any CPU
	EndGlobalSection
	GlobalSection(SolutionProperties) = preSolution
		HideSolutionNode = FALSE
	EndGlobalSection
	GlobalSection(ExtensibilityGlobals) = postSolution
		SolutionGuid = {69630DB6-3FDB-422F-8783-87E1B285D748}
	EndGlobalSection
EndGlobal
